<?xml version="1.0" encoding="UTF-8"?>
<Scheme
   LastUpgradeVersion = "2630"
   version = "1.7">
   <BuildAction
      parallelizeBuildables = "YES"
      buildImplicitDependencies = "YES"
      buildArchitectures = "Automatic">
      <BuildActionEntries>
         <BuildActionEntry
            buildForTesting = "YES"
            buildForRunning = "YES"
            buildForProfiling = "YES"
            buildForArchiving = "YES"
            buildForAnalyzing = "YES">
            <BuildableReference
               BuildableIdentifier = "primary"
               BlueprintIdentifier = "0E6380A82F02F1020060E4D9"
               BuildableName = "AppProduct.app"
               BlueprintName = "AppProduct"
               ReferencedContainer = "container:AppProduct.xcodeproj">
            </BuildableReference>
         </BuildActionEntry>
      </BuildActionEntries>
   </BuildAction>
   <TestAction
      buildConfiguration = "Debug"
      selectedDebuggerIdentifier = "Xcode.DebuggerFoundation.Debugger.LLDB"
      selectedLauncherIdentifier = "Xcode.DebuggerFoundation.Launcher.LLDB"
      shouldUseLaunchSchemeArgsEnv = "YES"
      shouldAutocreateTestPlan = "YES">
      <Testables>
         <TestableReference
            skipped = "NO"
            parallelizable = "YES">
            <BuildableReference
               BuildableIdentifier = "primary"
               BlueprintIdentifier = "1F75B9902F123E6500B97089"
               BuildableName = "AppProductTests.xctest"
               BlueprintName = "AppProductTests"
               ReferencedContainer = "container:AppProduct.xcodeproj">
            </BuildableReference>
         </TestableReference>
      </Testables>
   </TestAction>
   <LaunchAction
      buildConfiguration = "Debug"
      selectedDebuggerIdentifier = "Xcode.DebuggerFoundation.Debugger.LLDB"
      selectedLauncherIdentifier = "Xcode.DebuggerFoundation.Launcher.LLDB"
      launchStyle = "0"
      useCustomWorkingDirectory = "NO"
      ignoresPersistentStateOnLaunch = "NO"
      debugDocumentVersioning = "YES"
      debugServiceExtension = "internal"
      allowLocationSimulation = "YES">
      <BuildableProductRunnable
         runnableDebuggingMode = "0">
         <BuildableReference
            BuildableIdentifier = "primary"
            BlueprintIdentifier = "0E6380A82F02F1020060E4D9"
            BuildableName = "AppProduct.app"
            BlueprintName = "AppProduct"
            ReferencedContainer = "container:AppProduct.xcodeproj">
         </BuildableReference>
      </BuildableProductRunnable>
      <CommandLineArguments>
         <CommandLineArgument
            argument = "NoticeRole(no Select)"
            isEnabled = "NO">
         </CommandLineArgument>
         <CommandLineArgument
            argument = "--seed-appstorage-role-super-admin"
            isEnabled = "NO">
         </CommandLineArgument>
         <CommandLineArgument
            argument = "--seed-appstorage-role-central-president"
            isEnabled = "NO">
         </CommandLineArgument>
         <CommandLineArgument
            argument = "--seed-appstorage-role-central-vice-president"
            isEnabled = "NO">
         </CommandLineArgument>
         <CommandLineArgument
            argument = "--seed-appstorage-role-central-operating-team-member"
            isEnabled = "NO">
         </CommandLineArgument>
         <CommandLineArgument
            argument = "--seed-appstorage-role-central-education-team-member"
            isEnabled = "NO">
         </CommandLineArgument>
         <CommandLineArgument
            argument = "--seed-appstorage-role-chapter-president"
            isEnabled = "NO">
         </CommandLineArgument>
         <CommandLineArgument
            argument = "--seed-appstorage-role-school-president"
            isEnabled = "NO">
         </CommandLineArgument>
         <CommandLineArgument
            argument = "--seed-appstorage-role-school-vice-president"
            isEnabled = "NO">
         </CommandLineArgument>
         <CommandLineArgument
            argument = "--seed-appstorage-role-school-part-leader"
            isEnabled = "NO">
         </CommandLineArgument>
         <CommandLineArgument
            argument = "--seed-appstorage-role-school-etc-admin"
            isEnabled = "NO">
         </CommandLineArgument>
         <CommandLineArgument
            argument = "--seed-appstorage-role-challenger"
            isEnabled = "NO">
         </CommandLineArgument>
         <CommandLineArgument
            argument = "NoticeRole(legacy fallback)"
            isEnabled = "NO">
         </CommandLineArgument>
         <CommandLineArgument
            argument = "--seed-appstorage-dummy-central"
            isEnabled = "NO">
         </CommandLineArgument>
         <CommandLineArgument
            argument = "--seed-appstorage-dummy-chapter"
            isEnabled = "NO">
         </CommandLineArgument>
         <CommandLineArgument
            argument = "--seed-appstorage-dummy-school"
            isEnabled = "NO">
         </CommandLineArgument>
         <CommandLineArgument
            argument = "--seed-appstorage-dummy-challenger"
            isEnabled = "NO">
         </CommandLineArgument>
         <CommandLineArgument
            argument = "NoticeState(no Select)"
            isEnabled = "NO">
         </CommandLineArgument>
         <CommandLineArgument
            argument = "-noticeDebugState loading"
            isEnabled = "NO">
         </CommandLineArgument>
         <CommandLineArgument
            argument = "-noticeDebugState loaded"
            isEnabled = "NO">
         </CommandLineArgument>
         <CommandLineArgument
            argument = "-noticeDebugState failed"
            isEnabled = "NO">
         </CommandLineArgument>
         <CommandLineArgument
            argument = "--open-notice-tab"
            isEnabled = "NO">
         </CommandLineArgument>
         <CommandLineArgument
            argument = "--notice-force-permission"
            isEnabled = "NO">
         </CommandLineArgument>
      </CommandLineArguments>
      <EnvironmentVariables>
         <EnvironmentVariable
            key = "KAKAO_APP_KEY"
            value = ""
            isEnabled = "YES">
         </EnvironmentVariable>
         <EnvironmentVariable
            key = "KAKAO_REDIRECT_URI"
            value = ""
            isEnabled = "YES">
         </EnvironmentVariable>
         <EnvironmentVariable
            key = "LOG_LEVEL"
            value = ""
            isEnabled = "YES">
         </EnvironmentVariable>
         <EnvironmentVariable
            key = "APP_ENV"
            value = ""
            isEnabled = "YES">
         </EnvironmentVariable>
         <EnvironmentVariable
            key = "API_BASE_URL"
            value = ""
            isEnabled = "YES">
         </EnvironmentVariable>
         <EnvironmentVariable
            key = "UMC_API_TEST_ACCESS_TOKEN"
            value = "$(UMC_API_TEST_ACCESS_TOKEN)"
            isEnabled = "YES">
         </EnvironmentVariable>
         <EnvironmentVariable
            key = "FIREBASE_API_KEY"
            value = ""
            isEnabled = "YES">
         </EnvironmentVariable>
         <EnvironmentVariable
            key = "FIREBASE_PROJECT_ID"
            value = ""
            isEnabled = "YES">
         </EnvironmentVariable>
      </EnvironmentVariables>
   </LaunchAction>
   <ProfileAction
      buildConfiguration = "Debug"
      shouldUseLaunchSchemeArgsEnv = "YES"
      savedToolIdentifier = ""
      useCustomWorkingDirectory = "NO"
      debugDocumentVersioning = "YES">
      <BuildableProductRunnable
         runnableDebuggingMode = "0">
         <BuildableReference
            BuildableIdentifier = "primary"
            BlueprintIdentifier = "0E6380A82F02F1020060E4D9"
            BuildableName = "AppProduct.app"
            BlueprintName = "AppProduct"
            ReferencedContainer = "container:AppProduct.xcodeproj">
         </BuildableReference>
      </BuildableProductRunnable>
   </ProfileAction>
   <AnalyzeAction
      buildConfiguration = "Debug">
   </AnalyzeAction>
   <ArchiveAction
      buildConfiguration = "Release"
      revealArchiveInOrganizer = "YES">
   </ArchiveAction>
</Scheme>
